
Microsoft Visual Studio Solution File, Format Version 12.00
Project("{FAE04EC0-301F-11D3-BF4B-00C04F79EFBC}") = "WordrateApi", "WordrateApi\WordrateApi.csproj", "{0F971D48-3EB2-4A2E-B230-D62F8F225973}"
EndProject
Global
	GlobalSection(SolutionConfigurationPlatforms) = preSolution
		Debug|Any CPU = Debug|Any CPU
		Release|Any CPU = Release|Any CPU
	EndGlobalSection
	GlobalSection(ProjectConfigurationPlatforms) = postSolution
		{0F971D48-3EB2-4A2E-B230-D62F8F225973}.Debug|Any CPU.ActiveCfg = Debug|Any CPU
		{0F971D48-3EB2-4A2E-B230-D62F8F225973}.Debug|Any CPU.Build.0 = Debug|Any CPU
		{0F971D48-3EB2-4A2E-B230-D62F8F225973}.Release|Any CPU.ActiveCfg = Release|Any CPU
		{0F971D48-3EB2-4A2E-B230-D62F8F225973}.Release|Any CPU.Build.0 = Release|Any CPU
	EndGlobalSection
EndGlobal
