
Microsoft Visual Studio Solution File, Format Version 12.00
Project("{FAE04EC0-301F-11D3-BF4B-00C04F79EFBC}") = "PonderingProgrammer.CheatSheet", "PonderingProgrammer.CheatSheet\PonderingProgrammer.CheatSheet.csproj", "{38D1604A-005F-4B2D-9832-38A4C778A895}"
EndProject
Global
	GlobalSection(SolutionConfigurationPlatforms) = preSolution
		Debug|Any CPU = Debug|Any CPU
		Release|Any CPU = Release|Any CPU
	EndGlobalSection
	GlobalSection(ProjectConfigurationPlatforms) = postSolution
		{38D1604A-005F-4B2D-9832-38A4C778A895}.Debug|Any CPU.ActiveCfg = Debug|Any CPU
		{38D1604A-005F-4B2D-9832-38A4C778A895}.Debug|Any CPU.Build.0 = Debug|Any CPU
		{38D1604A-005F-4B2D-9832-38A4C778A895}.Release|Any CPU.ActiveCfg = Release|Any CPU
		{38D1604A-005F-4B2D-9832-38A4C778A895}.Release|Any CPU.Build.0 = Release|Any CPU
	EndGlobalSection
EndGlobal
