
Microsoft Visual Studio Solution File, Format Version 12.00
# Visual Studio Version 16
VisualStudioVersion = 16.0.30309.148
MinimumVisualStudioVersion = 10.0.40219.1
Project("{9A19103F-16F7-4668-BE54-9A1E7A4F7556}") = "PonderingProgrammer.Map2d", "src\PonderingProgrammer.Map2d\PonderingProgrammer.Map2d.csproj", "{A5D8BE40-F03B-4E74-BF54-DA6B8BC28CEF}"
EndProject
Project("{9A19103F-16F7-4668-BE54-9A1E7A4F7556}") = "PonderingProgrammer.Map2d.Tests", "tests\PonderingProgrammer.Map2d.Tests\PonderingProgrammer.Map2d.Tests.csproj", "{EA206B99-383A-4049-8BC5-814981184030}"
EndProject
Project("{2150E333-8FDC-42A3-9474-1A3956D46DE8}") = "src", "src", "{A6CA77C9-F043-4D2A-AEAD-6F447BC5215F}"
EndProject
Project("{2150E333-8FDC-42A3-9474-1A3956D46DE8}") = "tests", "tests", "{CA5ACE5F-0BFA-435F-89DA-D399EA2928C8}"
EndProject
Project("{9A19103F-16F7-4668-BE54-9A1E7A4F7556}") = "PonderingProgrammer.Map2d.ProcGen", "src\PonderingProgrammer.Map2d.ProcGen\PonderingProgrammer.Map2d.ProcGen.csproj", "{CE9C3E38-E1D5-4180-B050-A700EDA74B0E}"
EndProject
Project("{2150E333-8FDC-42A3-9474-1A3956D46DE8}") = "Solution Items", "Solution Items", "{FFDAF264-9DA0-4976-A79D-C95CA9C5FD10}"
	ProjectSection(SolutionItems) = preProject
		.editorconfig = .editorconfig
	EndProjectSection
EndProject
Project("{9A19103F-16F7-4668-BE54-9A1E7A4F7556}") = "PonderingProgrammer.Map2d.ProcGen.Tests", "tests\PonderingProgrammer.Map2d.ProcGen.Tests\PonderingProgrammer.Map2d.ProcGen.Tests.csproj", "{A498C1FB-EA09-4817-AE25-D25609B3F465}"
EndProject
Project("{FAE04EC0-301F-11D3-BF4B-00C04F79EFBC}") = "PonderingProgrammer.PoppingRectanglesSample", "samples\PonderingProgrammer.PoppingRectanglesSample\PonderingProgrammer.PoppingRectanglesSample.csproj", "{AC3F7FFD-E315-4375-84AC-16D2CBB73CE8}"
EndProject
Project("{2150E333-8FDC-42A3-9474-1A3956D46DE8}") = "samples", "samples", "{86960D7D-509D-4C69-9057-95362FB75A65}"
EndProject
Project("{FAE04EC0-301F-11D3-BF4B-00C04F79EFBC}") = "PonderingProgrammer.NtsToSvg", "src\PonderingProgrammer.NtsToSvg\PonderingProgrammer.NtsToSvg.csproj", "{1BE8811D-3327-454A-9462-8387E819AF8F}"
EndProject
Project("{FAE04EC0-301F-11D3-BF4B-00C04F79EFBC}") = "PonderingProgrammer.NtsToSvgSample", "samples\PonderingProgrammer.NtsToSvgSample\PonderingProgrammer.NtsToSvgSample.csproj", "{7E589467-1C1E-4AAA-B262-49DFE424F324}"
EndProject
Project("{FAE04EC0-301F-11D3-BF4B-00C04F79EFBC}") = "PonderingProgrammer.NProcGen.Web", "src\PonderingProgrammer.NProcGen.Web\PonderingProgrammer.NProcGen.Web.csproj", "{352DD18C-1F8F-45E3-8191-8A82B4DD5D0E}"
EndProject
Project("{FAE04EC0-301F-11D3-BF4B-00C04F79EFBC}") = "PonderingProgrammer.Map2d.FeatureObjects", "src\PonderingProgrammer.Map2d.FeatureObjects\PonderingProgrammer.Map2d.FeatureObjects.csproj", "{A9DF67E1-453B-49F6-8D22-CF5A135A679E}"
EndProject
Global
	GlobalSection(SolutionConfigurationPlatforms) = preSolution
		Debug|Any CPU = Debug|Any CPU
		Release|Any CPU = Release|Any CPU
	EndGlobalSection
	GlobalSection(ProjectConfigurationPlatforms) = postSolution
		{A5D8BE40-F03B-4E74-BF54-DA6B8BC28CEF}.Debug|Any CPU.ActiveCfg = Debug|Any CPU
		{A5D8BE40-F03B-4E74-BF54-DA6B8BC28CEF}.Debug|Any CPU.Build.0 = Debug|Any CPU
		{A5D8BE40-F03B-4E74-BF54-DA6B8BC28CEF}.Release|Any CPU.ActiveCfg = Release|Any CPU
		{A5D8BE40-F03B-4E74-BF54-DA6B8BC28CEF}.Release|Any CPU.Build.0 = Release|Any CPU
		{EA206B99-383A-4049-8BC5-814981184030}.Debug|Any CPU.ActiveCfg = Debug|Any CPU
		{EA206B99-383A-4049-8BC5-814981184030}.Debug|Any CPU.Build.0 = Debug|Any CPU
		{EA206B99-383A-4049-8BC5-814981184030}.Release|Any CPU.ActiveCfg = Release|Any CPU
		{EA206B99-383A-4049-8BC5-814981184030}.Release|Any CPU.Build.0 = Release|Any CPU
		{CE9C3E38-E1D5-4180-B050-A700EDA74B0E}.Debug|Any CPU.ActiveCfg = Debug|Any CPU
		{CE9C3E38-E1D5-4180-B050-A700EDA74B0E}.Debug|Any CPU.Build.0 = Debug|Any CPU
		{CE9C3E38-E1D5-4180-B050-A700EDA74B0E}.Release|Any CPU.ActiveCfg = Release|Any CPU
		{CE9C3E38-E1D5-4180-B050-A700EDA74B0E}.Release|Any CPU.Build.0 = Release|Any CPU
		{A498C1FB-EA09-4817-AE25-D25609B3F465}.Debug|Any CPU.ActiveCfg = Debug|Any CPU
		{A498C1FB-EA09-4817-AE25-D25609B3F465}.Debug|Any CPU.Build.0 = Debug|Any CPU
		{A498C1FB-EA09-4817-AE25-D25609B3F465}.Release|Any CPU.ActiveCfg = Release|Any CPU
		{A498C1FB-EA09-4817-AE25-D25609B3F465}.Release|Any CPU.Build.0 = Release|Any CPU
		{AC3F7FFD-E315-4375-84AC-16D2CBB73CE8}.Debug|Any CPU.ActiveCfg = Debug|Any CPU
		{AC3F7FFD-E315-4375-84AC-16D2CBB73CE8}.Debug|Any CPU.Build.0 = Debug|Any CPU
		{AC3F7FFD-E315-4375-84AC-16D2CBB73CE8}.Release|Any CPU.ActiveCfg = Release|Any CPU
		{AC3F7FFD-E315-4375-84AC-16D2CBB73CE8}.Release|Any CPU.Build.0 = Release|Any CPU
		{1BE8811D-3327-454A-9462-8387E819AF8F}.Debug|Any CPU.ActiveCfg = Debug|Any CPU
		{1BE8811D-3327-454A-9462-8387E819AF8F}.Debug|Any CPU.Build.0 = Debug|Any CPU
		{1BE8811D-3327-454A-9462-8387E819AF8F}.Release|Any CPU.ActiveCfg = Release|Any CPU
		{1BE8811D-3327-454A-9462-8387E819AF8F}.Release|Any CPU.Build.0 = Release|Any CPU
		{7E589467-1C1E-4AAA-B262-49DFE424F324}.Debug|Any CPU.ActiveCfg = Debug|Any CPU
		{7E589467-1C1E-4AAA-B262-49DFE424F324}.Debug|Any CPU.Build.0 = Debug|Any CPU
		{7E589467-1C1E-4AAA-B262-49DFE424F324}.Release|Any CPU.ActiveCfg = Release|Any CPU
		{7E589467-1C1E-4AAA-B262-49DFE424F324}.Release|Any CPU.Build.0 = Release|Any CPU
		{352DD18C-1F8F-45E3-8191-8A82B4DD5D0E}.Debug|Any CPU.ActiveCfg = Debug|Any CPU
		{352DD18C-1F8F-45E3-8191-8A82B4DD5D0E}.Debug|Any CPU.Build.0 = Debug|Any CPU
		{352DD18C-1F8F-45E3-8191-8A82B4DD5D0E}.Release|Any CPU.ActiveCfg = Release|Any CPU
		{352DD18C-1F8F-45E3-8191-8A82B4DD5D0E}.Release|Any CPU.Build.0 = Release|Any CPU
		{A9DF67E1-453B-49F6-8D22-CF5A135A679E}.Debug|Any CPU.ActiveCfg = Debug|Any CPU
		{A9DF67E1-453B-49F6-8D22-CF5A135A679E}.Debug|Any CPU.Build.0 = Debug|Any CPU
		{A9DF67E1-453B-49F6-8D22-CF5A135A679E}.Release|Any CPU.ActiveCfg = Release|Any CPU
		{A9DF67E1-453B-49F6-8D22-CF5A135A679E}.Release|Any CPU.Build.0 = Release|Any CPU
	EndGlobalSection
	GlobalSection(SolutionProperties) = preSolution
		HideSolutionNode = FALSE
	EndGlobalSection
	GlobalSection(NestedProjects) = preSolution
		{A5D8BE40-F03B-4E74-BF54-DA6B8BC28CEF} = {A6CA77C9-F043-4D2A-AEAD-6F447BC5215F}
		{EA206B99-383A-4049-8BC5-814981184030} = {CA5ACE5F-0BFA-435F-89DA-D399EA2928C8}
		{CE9C3E38-E1D5-4180-B050-A700EDA74B0E} = {A6CA77C9-F043-4D2A-AEAD-6F447BC5215F}
		{A498C1FB-EA09-4817-AE25-D25609B3F465} = {CA5ACE5F-0BFA-435F-89DA-D399EA2928C8}
		{AC3F7FFD-E315-4375-84AC-16D2CBB73CE8} = {86960D7D-509D-4C69-9057-95362FB75A65}
		{1BE8811D-3327-454A-9462-8387E819AF8F} = {A6CA77C9-F043-4D2A-AEAD-6F447BC5215F}
		{7E589467-1C1E-4AAA-B262-49DFE424F324} = {86960D7D-509D-4C69-9057-95362FB75A65}
		{352DD18C-1F8F-45E3-8191-8A82B4DD5D0E} = {A6CA77C9-F043-4D2A-AEAD-6F447BC5215F}
		{A9DF67E1-453B-49F6-8D22-CF5A135A679E} = {A6CA77C9-F043-4D2A-AEAD-6F447BC5215F}
	EndGlobalSection
	GlobalSection(ExtensibilityGlobals) = postSolution
		SolutionGuid = {41401C5D-2346-4DB1-9FE4-B52085142104}
	EndGlobalSection
EndGlobal
