
Microsoft Visual Studio Solution File, Format Version 12.00
# Visual Studio Version 16
VisualStudioVersion = 16.0.30320.27
MinimumVisualStudioVersion = 15.0.26124.0
Project("{9A19103F-16F7-4668-BE54-9A1E7A4F7556}") = "PonderingProgrammer.Samples.AspNet.Mvc.HelloWorld", "PonderingProgrammer.Samples.AspNet.Mvc.HelloWorld\PonderingProgrammer.Samples.AspNet.Mvc.HelloWorld.csproj", "{0E05683E-F071-4BD6-B6DD-031A23863B4F}"
EndProject
Global
	GlobalSection(SolutionConfigurationPlatforms) = preSolution
		Debug|Any CPU = Debug|Any CPU
		Release|Any CPU = Release|Any CPU
	EndGlobalSection
	GlobalSection(ProjectConfigurationPlatforms) = postSolution
		{0E05683E-F071-4BD6-B6DD-031A23863B4F}.Debug|Any CPU.ActiveCfg = Debug|Any CPU
		{0E05683E-F071-4BD6-B6DD-031A23863B4F}.Debug|Any CPU.Build.0 = Debug|Any CPU
		{0E05683E-F071-4BD6-B6DD-031A23863B4F}.Release|Any CPU.ActiveCfg = Release|Any CPU
		{0E05683E-F071-4BD6-B6DD-031A23863B4F}.Release|Any CPU.Build.0 = Release|Any CPU
	EndGlobalSection
	GlobalSection(SolutionProperties) = preSolution
		HideSolutionNode = FALSE
	EndGlobalSection
	GlobalSection(ExtensibilityGlobals) = postSolution
		SolutionGuid = {5F6EF96A-DE2B-4E81-809F-D540AEA34B67}
	EndGlobalSection
EndGlobal
